
Microsoft Visual Studio Solution File, Format Version 12.00
# Visual Studio 2013
VisualStudioVersion = 12.0.21005.1
MinimumVisualStudioVersion = 10.0.40219.1
Project("{FAE04EC0-301F-11D3-BF4B-00C04F79EFBC}") = "01.OddOrEven", "OddOrEven\01.OddOrEven.csproj", "{28D9F822-6A2C-4340-A915-1B585366FCEB}"
EndProject
Project("{FAE04EC0-301F-11D3-BF4B-00C04F79EFBC}") = "02.GravitationOnTheMoon", "GravitationOnTheMoon\02.GravitationOnTheMoon.csproj", "{AF5BF503-46B0-454E-B79E-3D3FE061E225}"
EndProject
Project("{FAE04EC0-301F-11D3-BF4B-00C04F79EFBC}") = "03.DivideBy7And5", "DivideBy7And5\03.DivideBy7And5.csproj", "{B67FFE7D-60C0-4646-8337-E64737982968}"
EndProject
Project("{FAE04EC0-301F-11D3-BF4B-00C04F79EFBC}") = "04.RectanglePerimeterAndArea", "RectanglePerimeterAndArea\04.RectanglePerimeterAndArea.csproj", "{E6ABEA3E-70C2-4CB6-A6A6-127DBC6C0425}"
EndProject
Project("{FAE04EC0-301F-11D3-BF4B-00C04F79EFBC}") = "06.FourDigitNumber", "FourDigitNumber\06.FourDigitNumber.csproj", "{4EDE4642-3C24-4E1E-BA39-601EC04AAF5E}"
EndProject
Project("{FAE04EC0-301F-11D3-BF4B-00C04F79EFBC}") = "05.ThirdDigitIs7", "ThirdDigitIs7\05.ThirdDigitIs7.csproj", "{C8FDD6D9-320B-4187-9B6D-EEBBBF4EF1C9}"
EndProject
Project("{FAE04EC0-301F-11D3-BF4B-00C04F79EFBC}") = "07.PointInCircle", "PointInCircle\07.PointInCircle.csproj", "{ECF0AED0-CACA-4941-854E-7074DBAB1DE3}"
EndProject
Project("{FAE04EC0-301F-11D3-BF4B-00C04F79EFBC}") = "08.PrimeNumberCheck", "PrimeNumberCheck\08.PrimeNumberCheck.csproj", "{2392BC7C-D916-47E5-BA85-3CB49B9AAC21}"
EndProject
Project("{FAE04EC0-301F-11D3-BF4B-00C04F79EFBC}") = "09.TrapezoidArea", "TrapezoidArea\09.TrapezoidArea.csproj", "{A883F95A-C058-4D62-BB34-CC9D0FAA1AC9}"
EndProject
Project("{FAE04EC0-301F-11D3-BF4B-00C04F79EFBC}") = "10.PointInCircleAndRectangle", "PointInCircleAndRectangle\10.PointInCircleAndRectangle.csproj", "{A43003B4-0D1E-4BB7-AAB7-16F8D8CAB725}"
EndProject
Project("{FAE04EC0-301F-11D3-BF4B-00C04F79EFBC}") = "11.ExtractThirdBit", "ExtractThirdBit\11.ExtractThirdBit.csproj", "{554F79C8-D4F4-4C70-9DA4-2FC37C961875}"
EndProject
Project("{FAE04EC0-301F-11D3-BF4B-00C04F79EFBC}") = "12.ExtractBitAtPosition", "ExtractBitAtPosition\12.ExtractBitAtPosition.csproj", "{DB1405E2-269D-474D-8F5A-0E0514BD3F35}"
EndProject
Project("{FAE04EC0-301F-11D3-BF4B-00C04F79EFBC}") = "13.CheckBitAtPosition", "CheckBitAtPosition\13.CheckBitAtPosition.csproj", "{34439054-49F1-40C5-B49D-368085640F19}"
EndProject
Project("{FAE04EC0-301F-11D3-BF4B-00C04F79EFBC}") = "14.ModifyBitAtPosition", "ModifyBitAtPosition\14.ModifyBitAtPosition.csproj", "{93191DCA-F363-4489-B073-CB1DFC731AFB}"
EndProject
Global
	GlobalSection(SolutionConfigurationPlatforms) = preSolution
		Debug|Any CPU = Debug|Any CPU
		Release|Any CPU = Release|Any CPU
	EndGlobalSection
	GlobalSection(ProjectConfigurationPlatforms) = postSolution
		{28D9F822-6A2C-4340-A915-1B585366FCEB}.Debug|Any CPU.ActiveCfg = Debug|Any CPU
		{28D9F822-6A2C-4340-A915-1B585366FCEB}.Debug|Any CPU.Build.0 = Debug|Any CPU
		{28D9F822-6A2C-4340-A915-1B585366FCEB}.Release|Any CPU.ActiveCfg = Release|Any CPU
		{28D9F822-6A2C-4340-A915-1B585366FCEB}.Release|Any CPU.Build.0 = Release|Any CPU
		{AF5BF503-46B0-454E-B79E-3D3FE061E225}.Debug|Any CPU.ActiveCfg = Debug|Any CPU
		{AF5BF503-46B0-454E-B79E-3D3FE061E225}.Debug|Any CPU.Build.0 = Debug|Any CPU
		{AF5BF503-46B0-454E-B79E-3D3FE061E225}.Release|Any CPU.ActiveCfg = Release|Any CPU
		{AF5BF503-46B0-454E-B79E-3D3FE061E225}.Release|Any CPU.Build.0 = Release|Any CPU
		{B67FFE7D-60C0-4646-8337-E64737982968}.Debug|Any CPU.ActiveCfg = Debug|Any CPU
		{B67FFE7D-60C0-4646-8337-E64737982968}.Debug|Any CPU.Build.0 = Debug|Any CPU
		{B67FFE7D-60C0-4646-8337-E64737982968}.Release|Any CPU.ActiveCfg = Release|Any CPU
		{B67FFE7D-60C0-4646-8337-E64737982968}.Release|Any CPU.Build.0 = Release|Any CPU
		{E6ABEA3E-70C2-4CB6-A6A6-127DBC6C0425}.Debug|Any CPU.ActiveCfg = Debug|Any CPU
		{E6ABEA3E-70C2-4CB6-A6A6-127DBC6C0425}.Debug|Any CPU.Build.0 = Debug|Any CPU
		{E6ABEA3E-70C2-4CB6-A6A6-127DBC6C0425}.Release|Any CPU.ActiveCfg = Release|Any CPU
		{E6ABEA3E-70C2-4CB6-A6A6-127DBC6C0425}.Release|Any CPU.Build.0 = Release|Any CPU
		{4EDE4642-3C24-4E1E-BA39-601EC04AAF5E}.Debug|Any CPU.ActiveCfg = Debug|Any CPU
		{4EDE4642-3C24-4E1E-BA39-601EC04AAF5E}.Debug|Any CPU.Build.0 = Debug|Any CPU
		{4EDE4642-3C24-4E1E-BA39-601EC04AAF5E}.Release|Any CPU.ActiveCfg = Release|Any CPU
		{4EDE4642-3C24-4E1E-BA39-601EC04AAF5E}.Release|Any CPU.Build.0 = Release|Any CPU
		{C8FDD6D9-320B-4187-9B6D-EEBBBF4EF1C9}.Debug|Any CPU.ActiveCfg = Debug|Any CPU
		{C8FDD6D9-320B-4187-9B6D-EEBBBF4EF1C9}.Debug|Any CPU.Build.0 = Debug|Any CPU
		{C8FDD6D9-320B-4187-9B6D-EEBBBF4EF1C9}.Release|Any CPU.ActiveCfg = Release|Any CPU
		{C8FDD6D9-320B-4187-9B6D-EEBBBF4EF1C9}.Release|Any CPU.Build.0 = Release|Any CPU
		{ECF0AED0-CACA-4941-854E-7074DBAB1DE3}.Debug|Any CPU.ActiveCfg = Debug|Any CPU
		{ECF0AED0-CACA-4941-854E-7074DBAB1DE3}.Debug|Any CPU.Build.0 = Debug|Any CPU
		{ECF0AED0-CACA-4941-854E-7074DBAB1DE3}.Release|Any CPU.ActiveCfg = Release|Any CPU
		{ECF0AED0-CACA-4941-854E-7074DBAB1DE3}.Release|Any CPU.Build.0 = Release|Any CPU
		{2392BC7C-D916-47E5-BA85-3CB49B9AAC21}.Debug|Any CPU.ActiveCfg = Debug|Any CPU
		{2392BC7C-D916-47E5-BA85-3CB49B9AAC21}.Debug|Any CPU.Build.0 = Debug|Any CPU
		{2392BC7C-D916-47E5-BA85-3CB49B9AAC21}.Release|Any CPU.ActiveCfg = Release|Any CPU
		{2392BC7C-D916-47E5-BA85-3CB49B9AAC21}.Release|Any CPU.Build.0 = Release|Any CPU
		{A883F95A-C058-4D62-BB34-CC9D0FAA1AC9}.Debug|Any CPU.ActiveCfg = Debug|Any CPU
		{A883F95A-C058-4D62-BB34-CC9D0FAA1AC9}.Debug|Any CPU.Build.0 = Debug|Any CPU
		{A883F95A-C058-4D62-BB34-CC9D0FAA1AC9}.Release|Any CPU.ActiveCfg = Release|Any CPU
		{A883F95A-C058-4D62-BB34-CC9D0FAA1AC9}.Release|Any CPU.Build.0 = Release|Any CPU
		{A43003B4-0D1E-4BB7-AAB7-16F8D8CAB725}.Debug|Any CPU.ActiveCfg = Debug|Any CPU
		{A43003B4-0D1E-4BB7-AAB7-16F8D8CAB725}.Debug|Any CPU.Build.0 = Debug|Any CPU
		{A43003B4-0D1E-4BB7-AAB7-16F8D8CAB725}.Release|Any CPU.ActiveCfg = Release|Any CPU
		{A43003B4-0D1E-4BB7-AAB7-16F8D8CAB725}.Release|Any CPU.Build.0 = Release|Any CPU
		{554F79C8-D4F4-4C70-9DA4-2FC37C961875}.Debug|Any CPU.ActiveCfg = Debug|Any CPU
		{554F79C8-D4F4-4C70-9DA4-2FC37C961875}.Debug|Any CPU.Build.0 = Debug|Any CPU
		{554F79C8-D4F4-4C70-9DA4-2FC37C961875}.Release|Any CPU.ActiveCfg = Release|Any CPU
		{554F79C8-D4F4-4C70-9DA4-2FC37C961875}.Release|Any CPU.Build.0 = Release|Any CPU
		{DB1405E2-269D-474D-8F5A-0E0514BD3F35}.Debug|Any CPU.ActiveCfg = Debug|Any CPU
		{DB1405E2-269D-474D-8F5A-0E0514BD3F35}.Debug|Any CPU.Build.0 = Debug|Any CPU
		{DB1405E2-269D-474D-8F5A-0E0514BD3F35}.Release|Any CPU.ActiveCfg = Release|Any CPU
		{DB1405E2-269D-474D-8F5A-0E0514BD3F35}.Release|Any CPU.Build.0 = Release|Any CPU
		{34439054-49F1-40C5-B49D-368085640F19}.Debug|Any CPU.ActiveCfg = Debug|Any CPU
		{34439054-49F1-40C5-B49D-368085640F19}.Debug|Any CPU.Build.0 = Debug|Any CPU
		{34439054-49F1-40C5-B49D-368085640F19}.Release|Any CPU.ActiveCfg = Release|Any CPU
		{34439054-49F1-40C5-B49D-368085640F19}.Release|Any CPU.Build.0 = Release|Any CPU
		{93191DCA-F363-4489-B073-CB1DFC731AFB}.Debug|Any CPU.ActiveCfg = Debug|Any CPU
		{93191DCA-F363-4489-B073-CB1DFC731AFB}.Debug|Any CPU.Build.0 = Debug|Any CPU
		{93191DCA-F363-4489-B073-CB1DFC731AFB}.Release|Any CPU.ActiveCfg = Release|Any CPU
		{93191DCA-F363-4489-B073-CB1DFC731AFB}.Release|Any CPU.Build.0 = Release|Any CPU
	EndGlobalSection
	GlobalSection(SolutionProperties) = preSolution
		HideSolutionNode = FALSE
	EndGlobalSection
EndGlobal
