
Microsoft Visual Studio Solution File, Format Version 12.00
# Visual Studio 2013
VisualStudioVersion = 12.0.21005.1
MinimumVisualStudioVersion = 10.0.40219.1
Project("{FAE04EC0-301F-11D3-BF4B-00C04F79EFBC}") = "01.SortArray", "DataStructures\01.SortArray.csproj", "{DA610742-E2EF-4DA9-B126-2FF3063F7C3A}"
EndProject
Project("{FAE04EC0-301F-11D3-BF4B-00C04F79EFBC}") = "02.SelectionSort", "SelectionSort\02.SelectionSort.csproj", "{1353AF50-2656-4FDD-8949-F3F6A3DF9302}"
EndProject
Global
	GlobalSection(SolutionConfigurationPlatforms) = preSolution
		Debug|Any CPU = Debug|Any CPU
		Release|Any CPU = Release|Any CPU
	EndGlobalSection
	GlobalSection(ProjectConfigurationPlatforms) = postSolution
		{DA610742-E2EF-4DA9-B126-2FF3063F7C3A}.Debug|Any CPU.ActiveCfg = Debug|Any CPU
		{DA610742-E2EF-4DA9-B126-2FF3063F7C3A}.Debug|Any CPU.Build.0 = Debug|Any CPU
		{DA610742-E2EF-4DA9-B126-2FF3063F7C3A}.Release|Any CPU.ActiveCfg = Release|Any CPU
		{DA610742-E2EF-4DA9-B126-2FF3063F7C3A}.Release|Any CPU.Build.0 = Release|Any CPU
		{1353AF50-2656-4FDD-8949-F3F6A3DF9302}.Debug|Any CPU.ActiveCfg = Debug|Any CPU
		{1353AF50-2656-4FDD-8949-F3F6A3DF9302}.Debug|Any CPU.Build.0 = Debug|Any CPU
		{1353AF50-2656-4FDD-8949-F3F6A3DF9302}.Release|Any CPU.ActiveCfg = Release|Any CPU
		{1353AF50-2656-4FDD-8949-F3F6A3DF9302}.Release|Any CPU.Build.0 = Release|Any CPU
	EndGlobalSection
	GlobalSection(SolutionProperties) = preSolution
		HideSolutionNode = FALSE
	EndGlobalSection
EndGlobal
