
Microsoft Visual Studio Solution File, Format Version 12.00
# Visual Studio 2013
VisualStudioVersion = 12.0.21005.1
MinimumVisualStudioVersion = 10.0.40219.1
Project("{FAE04EC0-301F-11D3-BF4B-00C04F79EFBC}") = "01.SumOf3Numbers", "SumOf3Numbers\01.SumOf3Numbers.csproj", "{4006EA0E-E44B-47CA-8FD5-B1350C1E67A2}"
EndProject
Project("{FAE04EC0-301F-11D3-BF4B-00C04F79EFBC}") = "02.CompanyInformation", "CompanyInformation\02.CompanyInformation.csproj", "{6E8D78A7-317C-4336-B7BE-C416546F4F73}"
EndProject
Project("{FAE04EC0-301F-11D3-BF4B-00C04F79EFBC}") = "03.CirclePerimeterAndArea", "CirclePerimeterAndArea\03.CirclePerimeterAndArea.csproj", "{C3320017-A125-4F46-B750-C87F5F7E5627}"
EndProject
Project("{FAE04EC0-301F-11D3-BF4B-00C04F79EFBC}") = "04.NumberComparer", "NumberComparer\04.NumberComparer.csproj", "{116101CC-FB99-4677-A811-9CF76F6FC7A1}"
EndProject
Project("{FAE04EC0-301F-11D3-BF4B-00C04F79EFBC}") = "05.FormattingNumbers", "FormattingNumbers\05.FormattingNumbers.csproj", "{23DA89D8-2C10-446E-86CE-9C5EDC90FCCE}"
EndProject
Project("{FAE04EC0-301F-11D3-BF4B-00C04F79EFBC}") = "06.QuadraticEquation", "QuadraticEquation\06.QuadraticEquation.csproj", "{2998C135-B1CB-4844-BE9D-4ADA72FB52FA}"
EndProject
Project("{FAE04EC0-301F-11D3-BF4B-00C04F79EFBC}") = "07.SumOf5Nums", "SumOf5Nums\07.SumOf5Nums.csproj", "{677A47EF-31E3-4864-8306-BDD43BF627A9}"
EndProject
Project("{FAE04EC0-301F-11D3-BF4B-00C04F79EFBC}") = "08.Numbers1ToN", "Numbers1ToN\08.Numbers1ToN.csproj", "{EA90D754-EA51-4D27-B9D7-D745E3D775A3}"
EndProject
Project("{FAE04EC0-301F-11D3-BF4B-00C04F79EFBC}") = "09.SumOfNNums", "SumOfNNums\09.SumOfNNums.csproj", "{590135F1-1895-4BB8-A20B-DBA2AAE6E39A}"
EndProject
Project("{FAE04EC0-301F-11D3-BF4B-00C04F79EFBC}") = "10.FibonacciNumbers", "FibonacciNumbers\10.FibonacciNumbers.csproj", "{EDD62AF9-EA86-4240-BF2A-1F1BE734AD2A}"
EndProject
Project("{FAE04EC0-301F-11D3-BF4B-00C04F79EFBC}") = "11.NumbersInInterval", "NumbersInInterval\11.NumbersInInterval.csproj", "{BFF5CB63-9139-4F4F-8653-2294A8B5E46A}"
EndProject
Global
	GlobalSection(SolutionConfigurationPlatforms) = preSolution
		Debug|Any CPU = Debug|Any CPU
		Release|Any CPU = Release|Any CPU
	EndGlobalSection
	GlobalSection(ProjectConfigurationPlatforms) = postSolution
		{4006EA0E-E44B-47CA-8FD5-B1350C1E67A2}.Debug|Any CPU.ActiveCfg = Debug|Any CPU
		{4006EA0E-E44B-47CA-8FD5-B1350C1E67A2}.Debug|Any CPU.Build.0 = Debug|Any CPU
		{4006EA0E-E44B-47CA-8FD5-B1350C1E67A2}.Release|Any CPU.ActiveCfg = Release|Any CPU
		{4006EA0E-E44B-47CA-8FD5-B1350C1E67A2}.Release|Any CPU.Build.0 = Release|Any CPU
		{6E8D78A7-317C-4336-B7BE-C416546F4F73}.Debug|Any CPU.ActiveCfg = Debug|Any CPU
		{6E8D78A7-317C-4336-B7BE-C416546F4F73}.Debug|Any CPU.Build.0 = Debug|Any CPU
		{6E8D78A7-317C-4336-B7BE-C416546F4F73}.Release|Any CPU.ActiveCfg = Release|Any CPU
		{6E8D78A7-317C-4336-B7BE-C416546F4F73}.Release|Any CPU.Build.0 = Release|Any CPU
		{C3320017-A125-4F46-B750-C87F5F7E5627}.Debug|Any CPU.ActiveCfg = Debug|Any CPU
		{C3320017-A125-4F46-B750-C87F5F7E5627}.Debug|Any CPU.Build.0 = Debug|Any CPU
		{C3320017-A125-4F46-B750-C87F5F7E5627}.Release|Any CPU.ActiveCfg = Release|Any CPU
		{C3320017-A125-4F46-B750-C87F5F7E5627}.Release|Any CPU.Build.0 = Release|Any CPU
		{116101CC-FB99-4677-A811-9CF76F6FC7A1}.Debug|Any CPU.ActiveCfg = Debug|Any CPU
		{116101CC-FB99-4677-A811-9CF76F6FC7A1}.Debug|Any CPU.Build.0 = Debug|Any CPU
		{116101CC-FB99-4677-A811-9CF76F6FC7A1}.Release|Any CPU.ActiveCfg = Release|Any CPU
		{116101CC-FB99-4677-A811-9CF76F6FC7A1}.Release|Any CPU.Build.0 = Release|Any CPU
		{23DA89D8-2C10-446E-86CE-9C5EDC90FCCE}.Debug|Any CPU.ActiveCfg = Debug|Any CPU
		{23DA89D8-2C10-446E-86CE-9C5EDC90FCCE}.Debug|Any CPU.Build.0 = Debug|Any CPU
		{23DA89D8-2C10-446E-86CE-9C5EDC90FCCE}.Release|Any CPU.ActiveCfg = Release|Any CPU
		{23DA89D8-2C10-446E-86CE-9C5EDC90FCCE}.Release|Any CPU.Build.0 = Release|Any CPU
		{2998C135-B1CB-4844-BE9D-4ADA72FB52FA}.Debug|Any CPU.ActiveCfg = Debug|Any CPU
		{2998C135-B1CB-4844-BE9D-4ADA72FB52FA}.Debug|Any CPU.Build.0 = Debug|Any CPU
		{2998C135-B1CB-4844-BE9D-4ADA72FB52FA}.Release|Any CPU.ActiveCfg = Release|Any CPU
		{2998C135-B1CB-4844-BE9D-4ADA72FB52FA}.Release|Any CPU.Build.0 = Release|Any CPU
		{677A47EF-31E3-4864-8306-BDD43BF627A9}.Debug|Any CPU.ActiveCfg = Debug|Any CPU
		{677A47EF-31E3-4864-8306-BDD43BF627A9}.Debug|Any CPU.Build.0 = Debug|Any CPU
		{677A47EF-31E3-4864-8306-BDD43BF627A9}.Release|Any CPU.ActiveCfg = Release|Any CPU
		{677A47EF-31E3-4864-8306-BDD43BF627A9}.Release|Any CPU.Build.0 = Release|Any CPU
		{EA90D754-EA51-4D27-B9D7-D745E3D775A3}.Debug|Any CPU.ActiveCfg = Debug|Any CPU
		{EA90D754-EA51-4D27-B9D7-D745E3D775A3}.Debug|Any CPU.Build.0 = Debug|Any CPU
		{EA90D754-EA51-4D27-B9D7-D745E3D775A3}.Release|Any CPU.ActiveCfg = Release|Any CPU
		{EA90D754-EA51-4D27-B9D7-D745E3D775A3}.Release|Any CPU.Build.0 = Release|Any CPU
		{590135F1-1895-4BB8-A20B-DBA2AAE6E39A}.Debug|Any CPU.ActiveCfg = Debug|Any CPU
		{590135F1-1895-4BB8-A20B-DBA2AAE6E39A}.Debug|Any CPU.Build.0 = Debug|Any CPU
		{590135F1-1895-4BB8-A20B-DBA2AAE6E39A}.Release|Any CPU.ActiveCfg = Release|Any CPU
		{590135F1-1895-4BB8-A20B-DBA2AAE6E39A}.Release|Any CPU.Build.0 = Release|Any CPU
		{EDD62AF9-EA86-4240-BF2A-1F1BE734AD2A}.Debug|Any CPU.ActiveCfg = Debug|Any CPU
		{EDD62AF9-EA86-4240-BF2A-1F1BE734AD2A}.Debug|Any CPU.Build.0 = Debug|Any CPU
		{EDD62AF9-EA86-4240-BF2A-1F1BE734AD2A}.Release|Any CPU.ActiveCfg = Release|Any CPU
		{EDD62AF9-EA86-4240-BF2A-1F1BE734AD2A}.Release|Any CPU.Build.0 = Release|Any CPU
		{BFF5CB63-9139-4F4F-8653-2294A8B5E46A}.Debug|Any CPU.ActiveCfg = Debug|Any CPU
		{BFF5CB63-9139-4F4F-8653-2294A8B5E46A}.Debug|Any CPU.Build.0 = Debug|Any CPU
		{BFF5CB63-9139-4F4F-8653-2294A8B5E46A}.Release|Any CPU.ActiveCfg = Release|Any CPU
		{BFF5CB63-9139-4F4F-8653-2294A8B5E46A}.Release|Any CPU.Build.0 = Release|Any CPU
	EndGlobalSection
	GlobalSection(SolutionProperties) = preSolution
		HideSolutionNode = FALSE
	EndGlobalSection
EndGlobal
